
Microsoft Visual Studio Solution File, Format Version 12.00
# Visual Studio Version 17
VisualStudioVersion = 17.5.33516.290
MinimumVisualStudioVersion = 10.0.40219.1
Project("{FAE04EC0-301F-11D3-BF4B-00C04F79EFBC}") = "App-web-backend-puc", "App-web-backend-puc\App-web-backend-puc.csproj", "{2B03B50C-508A-4BCC-9F9B-437ABB4CCF57}"
EndProject
Global
	GlobalSection(SolutionConfigurationPlatforms) = preSolution
		Debug|Any CPU = Debug|Any CPU
		Release|Any CPU = Release|Any CPU
	EndGlobalSection
	GlobalSection(ProjectConfigurationPlatforms) = postSolution
		{2B03B50C-508A-4BCC-9F9B-437ABB4CCF57}.Debug|Any CPU.ActiveCfg = Debug|Any CPU
		{2B03B50C-508A-4BCC-9F9B-437ABB4CCF57}.Debug|Any CPU.Build.0 = Debug|Any CPU
		{2B03B50C-508A-4BCC-9F9B-437ABB4CCF57}.Release|Any CPU.ActiveCfg = Release|Any CPU
		{2B03B50C-508A-4BCC-9F9B-437ABB4CCF57}.Release|Any CPU.Build.0 = Release|Any CPU
	EndGlobalSection
	GlobalSection(SolutionProperties) = preSolution
		HideSolutionNode = FALSE
	EndGlobalSection
	GlobalSection(ExtensibilityGlobals) = postSolution
		SolutionGuid = {258DC215-0217-4CDB-87F5-A64A4D640E51}
	EndGlobalSection
EndGlobal
